
Microsoft Visual Studio Solution File, Format Version 12.00
# Visual Studio 15
Project("{FAE04EC0-301F-11D3-BF4B-00C04F79EFBC}") = "Typical Runner", "Assembly-CSharp.csproj", "{F78DA8DD-D53F-69F8-4105-CFF27F2D12FB}"
EndProject
Project("{FAE04EC0-301F-11D3-BF4B-00C04F79EFBC}") = "Typical Runner", "Assembly-CSharp-Editor.csproj", "{DBF271E2-0002-13E8-40AC-9797BF1717C0}"
EndProject
Global
	GlobalSection(SolutionConfigurationPlatforms) = preSolution
		Debug|Any CPU = Debug|Any CPU
		Release|Any CPU = Release|Any CPU
	EndGlobalSection
	GlobalSection(ProjectConfigurationPlatforms) = postSolution
		{F78DA8DD-D53F-69F8-4105-CFF27F2D12FB}.Debug|Any CPU.ActiveCfg = Debug|Any CPU
		{F78DA8DD-D53F-69F8-4105-CFF27F2D12FB}.Debug|Any CPU.Build.0 = Debug|Any CPU
		{F78DA8DD-D53F-69F8-4105-CFF27F2D12FB}.Release|Any CPU.ActiveCfg = Release|Any CPU
		{F78DA8DD-D53F-69F8-4105-CFF27F2D12FB}.Release|Any CPU.Build.0 = Release|Any CPU
		{DBF271E2-0002-13E8-40AC-9797BF1717C0}.Debug|Any CPU.ActiveCfg = Debug|Any CPU
		{DBF271E2-0002-13E8-40AC-9797BF1717C0}.Debug|Any CPU.Build.0 = Debug|Any CPU
		{DBF271E2-0002-13E8-40AC-9797BF1717C0}.Release|Any CPU.ActiveCfg = Release|Any CPU
		{DBF271E2-0002-13E8-40AC-9797BF1717C0}.Release|Any CPU.Build.0 = Release|Any CPU
	EndGlobalSection
	GlobalSection(SolutionProperties) = preSolution
		HideSolutionNode = FALSE
	EndGlobalSection
EndGlobal
